
Microsoft Visual Studio Solution File, Format Version 12.00
# Visual Studio 15
VisualStudioVersion = 15.0.27428.2027
MinimumVisualStudioVersion = 10.0.40219.1
Project("{FAE04EC0-301F-11D3-BF4B-00C04F79EFBC}") = "DeadTree", "DeadTree\DeadTree.csproj", "{E1A8B0F4-A1D5-4CFF-B903-D46161828A08}"
EndProject
Global
	GlobalSection(SolutionConfigurationPlatforms) = preSolution
		Debug|Any CPU = Debug|Any CPU
		Release|Any CPU = Release|Any CPU
	EndGlobalSection
	GlobalSection(ProjectConfigurationPlatforms) = postSolution
		{E1A8B0F4-A1D5-4CFF-B903-D46161828A08}.Debug|Any CPU.ActiveCfg = Debug|Any CPU
		{E1A8B0F4-A1D5-4CFF-B903-D46161828A08}.Debug|Any CPU.Build.0 = Debug|Any CPU
		{E1A8B0F4-A1D5-4CFF-B903-D46161828A08}.Release|Any CPU.ActiveCfg = Release|Any CPU
		{E1A8B0F4-A1D5-4CFF-B903-D46161828A08}.Release|Any CPU.Build.0 = Release|Any CPU
	EndGlobalSection
	GlobalSection(SolutionProperties) = preSolution
		HideSolutionNode = FALSE
	EndGlobalSection
	GlobalSection(ExtensibilityGlobals) = postSolution
		SolutionGuid = {93624673-58AE-4D10-9816-3887FF70FBD9}
	EndGlobalSection
EndGlobal
